
Microsoft Visual Studio Solution File, Format Version 12.00
# Visual Studio Version 17
VisualStudioVersion = 17.9.34607.119
MinimumVisualStudioVersion = 10.0.40219.1
Project("{9A19103F-16F7-4668-BE54-9A1E7A4F7556}") = "Calculate", "Calculate\Calculate.csproj", "{128D92DD-A9E2-4442-8920-6F2015A09828}"
EndProject
Project("{FAE04EC0-301F-11D3-BF4B-00C04F79EFBC}") = "CalculateTests", "CalculateTests\CalculateTests.csproj", "{D8A9C191-7D5B-41C6-8EEE-15E8852A497A}"
EndProject
Global
	GlobalSection(SolutionConfigurationPlatforms) = preSolution
		Debug|Any CPU = Debug|Any CPU
		Release|Any CPU = Release|Any CPU
	EndGlobalSection
	GlobalSection(ProjectConfigurationPlatforms) = postSolution
		{128D92DD-A9E2-4442-8920-6F2015A09828}.Debug|Any CPU.ActiveCfg = Debug|Any CPU
		{128D92DD-A9E2-4442-8920-6F2015A09828}.Debug|Any CPU.Build.0 = Debug|Any CPU
		{128D92DD-A9E2-4442-8920-6F2015A09828}.Release|Any CPU.ActiveCfg = Release|Any CPU
		{128D92DD-A9E2-4442-8920-6F2015A09828}.Release|Any CPU.Build.0 = Release|Any CPU
		{D8A9C191-7D5B-41C6-8EEE-15E8852A497A}.Debug|Any CPU.ActiveCfg = Debug|Any CPU
		{D8A9C191-7D5B-41C6-8EEE-15E8852A497A}.Debug|Any CPU.Build.0 = Debug|Any CPU
		{D8A9C191-7D5B-41C6-8EEE-15E8852A497A}.Release|Any CPU.ActiveCfg = Release|Any CPU
		{D8A9C191-7D5B-41C6-8EEE-15E8852A497A}.Release|Any CPU.Build.0 = Release|Any CPU
	EndGlobalSection
	GlobalSection(SolutionProperties) = preSolution
		HideSolutionNode = FALSE
	EndGlobalSection
	GlobalSection(ExtensibilityGlobals) = postSolution
		SolutionGuid = {A809AA4A-58DF-4012-B1D4-192F7096D0B6}
	EndGlobalSection
EndGlobal
